// !$*UTF8*$!
{
	archiveVersion = 1;
	classes = {
	};
	objectVersion = 46;
	objects = {

/* Begin PBXBuildFile section */
		C33FDCB91EF2AE820086FE14 /* AppDelegate.swift in Sources */ = {isa = PBXBuildFile; fileRef = C33FDCB81EF2AE820086FE14 /* AppDelegate.swift */; };
		C33FDCBB1EF2AE820086FE14 /* ViewController.swift in Sources */ = {isa = PBXBuildFile; fileRef = C33FDCBA1EF2AE820086FE14 /* ViewController.swift */; };
		C33FDCBE1EF2AE820086FE14 /* Main.storyboard in Resources */ = {isa = PBXBuildFile; fileRef = C33FDCBC1EF2AE820086FE14 /* Main.storyboard */; };
		C33FDCC01EF2AE820086FE14 /* Assets.xcassets in Resources */ = {isa = PBXBuildFile; fileRef = C33FDCBF1EF2AE820086FE14 /* Assets.xcassets */; };
		C33FDCC31EF2AE820086FE14 /* LaunchScreen.storyboard in Resources */ = {isa = PBXBuildFile; fileRef = C33FDCC11EF2AE820086FE14 /* LaunchScreen.storyboard */; };
		C33FDCCE1EF2AE820086FE14 /* GalileoTests.swift in Sources */ = {isa = PBXBuildFile; fileRef = C33FDCCD1EF2AE820086FE14 /* GalileoTests.swift */; };
		C33FDCD91EF2AE820086FE14 /* GalileoUITests.swift in Sources */ = {isa = PBXBuildFile; fileRef = C33FDCD81EF2AE820086FE14 /* GalileoUITests.swift */; };
/* End PBXBuildFile section */

/* Begin PBXContainerItemProxy section */
		C33FDCCA1EF2AE820086FE14 /* PBXContainerItemProxy */ = {
			isa = PBXContainerItemProxy;
			containerPortal = C33FDCAD1EF2AE810086FE14 /* Project object */;
			proxyType = 1;
			remoteGlobalIDString = C33FDCB41EF2AE810086FE14;
			remoteInfo = Galileo;
		};
		C33FDCD51EF2AE820086FE14 /* PBXContainerItemProxy */ = {
			isa = PBXContainerItemProxy;
			containerPortal = C33FDCAD1EF2AE810086FE14 /* Project object */;
			proxyType = 1;
			remoteGlobalIDString = C33FDCB41EF2AE810086FE14;
			remoteInfo = Galileo;
		};
/* End PBXContainerItemProxy section */

/* Begin PBXFileReference section */
		C33FDCB51EF2AE810086FE14 /* Galileo.app */ = {isa = PBXFileReference; explicitFileType = wrapper.application; includeInIndex = 0; path = Galileo.app; sourceTree = BUILT_PRODUCTS_DIR; };
		C33FDCB81EF2AE820086FE14 /* AppDelegate.swift */ = {isa = PBXFileReference; lastKnownFileType = sourcecode.swift; path = AppDelegate.swift; sourceTree = "<group>"; };
		C33FDCBA1EF2AE820086FE14 /* ViewController.swift */ = {isa = PBXFileReference; lastKnownFileType = sourcecode.swift; path = ViewController.swift; sourceTree = "<group>"; };
		C33FDCBD1EF2AE820086FE14 /* Base */ = {isa = PBXFileReference; lastKnownFileType = file.storyboard; name = Base; path = Base.lproj/Main.storyboard; sourceTree = "<group>"; };
		C33FDCBF1EF2AE820086FE14 /* Assets.xcassets */ = {isa = PBXFileReference; lastKnownFileType = folder.assetcatalog; path = Assets.xcassets; sourceTree = "<group>"; };
		C33FDCC21EF2AE820086FE14 /* Base */ = {isa = PBXFileReference; lastKnownFileType = file.storyboard; name = Base; path = Base.lproj/LaunchScreen.storyboard; sourceTree = "<group>"; };
		C33FDCC41EF2AE820086FE14 /* Info.plist */ = {isa = PBXFileReference; lastKnownFileType = text.plist.xml; path = Info.plist; sourceTree = "<group>"; };
		C33FDCC91EF2AE820086FE14 /* GalileoTests.xctest */ = {isa = PBXFileReference; explicitFileType = wrapper.cfbundle; includeInIndex = 0; path = GalileoTests.xctest; sourceTree = BUILT_PRODUCTS_DIR; };
		C33FDCCD1EF2AE820086FE14 /* GalileoTests.swift */ = {isa = PBXFileReference; lastKnownFileType = sourcecode.swift; path = GalileoTests.swift; sourceTree = "<group>"; };
		C33FDCCF1EF2AE820086FE14 /* Info.plist */ = {isa = PBXFileReference; lastKnownFileType = text.plist.xml; path = Info.plist; sourceTree = "<group>"; };
		C33FDCD41EF2AE820086FE14 /* GalileoUITests.xctest */ = {isa = PBXFileReference; explicitFileType = wrapper.cfbundle; includeInIndex = 0; path = GalileoUITests.xctest; sourceTree = BUILT_PRODUCTS_DIR; };
		C33FDCD81EF2AE820086FE14 /* GalileoUITests.swift */ = {isa = PBXFileReference; lastKnownFileType = sourcecode.swift; path = GalileoUITests.swift; sourceTree = "<group>"; };
		C33FDCDA1EF2AE820086FE14 /* Info.plist */ = {isa = PBXFileReference; lastKnownFileType = text.plist.xml; path = Info.plist; sourceTree = "<group>"; };
/* End PBXFileReference section */

/* Begin PBXFrameworksBuildPhase section */
		C33FDCB21EF2AE810086FE14 /* Frameworks */ = {
			isa = PBXFrameworksBuildPhase;
			buildActionMask = 2147483647;
			files = (
			);
			runOnlyForDeploymentPostprocessing = 0;
		};
		C33FDCC61EF2AE820086FE14 /* Frameworks */ = {
			isa = PBXFrameworksBuildPhase;
			buildActionMask = 2147483647;
			files = (
			);
			runOnlyForDeploymentPostprocessing = 0;
		};
		C33FDCD11EF2AE820086FE14 /* Frameworks */ = {
			isa = PBXFrameworksBuildPhase;
			buildActionMask = 2147483647;
			files = (
			);
			runOnlyForDeploymentPostprocessing = 0;
		};
/* End PBXFrameworksBuildPhase section */

/* Begin PBXGroup section */
		C33FDCAC1EF2AE810086FE14 = {
			isa = PBXGroup;
			children = (
				C33FDCB71EF2AE810086FE14 /* Galileo */,
				C33FDCCC1EF2AE820086FE14 /* GalileoTests */,
				C33FDCD71EF2AE820086FE14 /* GalileoUITests */,
				C33FDCB61EF2AE810086FE14 /* Products */,
			);
			sourceTree = "<group>";
		};
		C33FDCB61EF2AE810086FE14 /* Products */ = {
			isa = PBXGroup;
			children = (
				C33FDCB51EF2AE810086FE14 /* Galileo.app */,
				C33FDCC91EF2AE820086FE14 /* GalileoTests.xctest */,
				C33FDCD41EF2AE820086FE14 /* GalileoUITests.xctest */,
			);
			name = Products;
			sourceTree = "<group>";
		};
		C33FDCB71EF2AE810086FE14 /* Galileo */ = {
			isa = PBXGroup;
			children = (
				C33FDCB81EF2AE820086FE14 /* AppDelegate.swift */,
				C33FDCBA1EF2AE820086FE14 /* ViewController.swift */,
				C33FDCBC1EF2AE820086FE14 /* Main.storyboard */,
				C33FDCBF1EF2AE820086FE14 /* Assets.xcassets */,
				C33FDCC11EF2AE820086FE14 /* LaunchScreen.storyboard */,
				C33FDCC41EF2AE820086FE14 /* Info.plist */,
			);
			path = Galileo;
			sourceTree = "<group>";
		};
		C33FDCCC1EF2AE820086FE14 /* GalileoTests */ = {
			isa = PBXGroup;
			children = (
				C33FDCCD1EF2AE820086FE14 /* GalileoTests.swift */,
				C33FDCCF1EF2AE820086FE14 /* Info.plist */,
			);
			path = GalileoTests;
			sourceTree = "<group>";
		};
		C33FDCD71EF2AE820086FE14 /* GalileoUITests */ = {
			isa = PBXGroup;
			children = (
				C33FDCD81EF2AE820086FE14 /* GalileoUITests.swift */,
				C33FDCDA1EF2AE820086FE14 /* Info.plist */,
			);
			path = GalileoUITests;
			sourceTree = "<group>";
		};
/* End PBXGroup section */

/* Begin PBXNativeTarget section */
		C33FDCB41EF2AE810086FE14 /* Galileo */ = {
			isa = PBXNativeTarget;
			buildConfigurationList = C33FDCDD1EF2AE820086FE14 /* Build configuration list for PBXNativeTarget "Galileo" */;
			buildPhases = (
				C33FDCB11EF2AE810086FE14 /* Sources */,
				C33FDCB21EF2AE810086FE14 /* Frameworks */,
				C33FDCB31EF2AE810086FE14 /* Resources */,
			);
			buildRules = (
			);
			dependencies = (
			);
			name = Galileo;
			productName = Galileo;
			productReference = C33FDCB51EF2AE810086FE14 /* Galileo.app */;
			productType = "com.apple.product-type.application";
		};
		C33FDCC81EF2AE820086FE14 /* GalileoTests */ = {
			isa = PBXNativeTarget;
			buildConfigurationList = C33FDCE01EF2AE820086FE14 /* Build configuration list for PBXNativeTarget "GalileoTests" */;
			buildPhases = (
				C33FDCC51EF2AE820086FE14 /* Sources */,
				C33FDCC61EF2AE820086FE14 /* Frameworks */,
				C33FDCC71EF2AE820086FE14 /* Resources */,
			);
			buildRules = (
			);
			dependencies = (
				C33FDCCB1EF2AE820086FE14 /* PBXTargetDependency */,
			);
			name = GalileoTests;
			productName = GalileoTests;
			productReference = C33FDCC91EF2AE820086FE14 /* GalileoTests.xctest */;
			productType = "com.apple.product-type.bundle.unit-test";
		};
		C33FDCD31EF2AE820086FE14 /* GalileoUITests */ = {
			isa = PBXNativeTarget;
			buildConfigurationList = C33FDCE31EF2AE820086FE14 /* Build configuration list for PBXNativeTarget "GalileoUITests" */;
			buildPhases = (
				C33FDCD01EF2AE820086FE14 /* Sources */,
				C33FDCD11EF2AE820086FE14 /* Frameworks */,
				C33FDCD21EF2AE820086FE14 /* Resources */,
			);
			buildRules = (
			);
			dependencies = (
				C33FDCD61EF2AE820086FE14 /* PBXTargetDependency */,
			);
			name = GalileoUITests;
			productName = GalileoUITests;
			productReference = C33FDCD41EF2AE820086FE14 /* GalileoUITests.xctest */;
			productType = "com.apple.product-type.bundle.ui-testing";
		};
/* End PBXNativeTarget section */

/* Begin PBXProject section */
		C33FDCAD1EF2AE810086FE14 /* Project object */ = {
			isa = PBXProject;
			attributes = {
				LastSwiftUpdateCheck = 0830;
				LastUpgradeCheck = 0830;
				ORGANIZATIONNAME = chic;
				TargetAttributes = {
					C33FDCB41EF2AE810086FE14 = {
						CreatedOnToolsVersion = 8.3.2;
						ProvisioningStyle = Automatic;
					};
					C33FDCC81EF2AE820086FE14 = {
						CreatedOnToolsVersion = 8.3.2;
						ProvisioningStyle = Automatic;
						TestTargetID = C33FDCB41EF2AE810086FE14;
					};
					C33FDCD31EF2AE820086FE14 = {
						CreatedOnToolsVersion = 8.3.2;
						ProvisioningStyle = Automatic;
						TestTargetID = C33FDCB41EF2AE810086FE14;
					};
				};
			};
			buildConfigurationList = C33FDCB01EF2AE810086FE14 /* Build configuration list for PBXProject "Galileo" */;
			compatibilityVersion = "Xcode 3.2";
			developmentRegion = English;
			hasScannedForEncodings = 0;
			knownRegions = (
				en,
				Base,
			);
			mainGroup = C33FDCAC1EF2AE810086FE14;
			productRefGroup = C33FDCB61EF2AE810086FE14 /* Products */;
			projectDirPath = "";
			projectRoot = "";
			targets = (
				C33FDCB41EF2AE810086FE14 /* Galileo */,
				C33FDCC81EF2AE820086FE14 /* GalileoTests */,
				C33FDCD31EF2AE820086FE14 /* GalileoUITests */,
			);
		};
/* End PBXProject section */

/* Begin PBXResourcesBuildPhase section */
		C33FDCB31EF2AE810086FE14 /* Resources */ = {
			isa = PBXResourcesBuildPhase;
			buildActionMask = 2147483647;
			files = (
				C33FDCC31EF2AE820086FE14 /* LaunchScreen.storyboard in Resources */,
				C33FDCC01EF2AE820086FE14 /* Assets.xcassets in Resources */,
				C33FDCBE1EF2AE820086FE14 /* Main.storyboard in Resources */,
			);
			runOnlyForDeploymentPostprocessing = 0;
		};
		C33FDCC71EF2AE820086FE14 /* Resources */ = {
			isa = PBXResourcesBuildPhase;
			buildActionMask = 2147483647;
			files = (
			);
			runOnlyForDeploymentPostprocessing = 0;
		};
		C33FDCD21EF2AE820086FE14 /* Resources */ = {
			isa = PBXResourcesBuildPhase;
			buildActionMask = 2147483647;
			files = (
			);
			runOnlyForDeploymentPostprocessing = 0;
		};
/* End PBXResourcesBuildPhase section */

/* Begin PBXSourcesBuildPhase section */
		C33FDCB11EF2AE810086FE14 /* Sources */ = {
			isa = PBXSourcesBuildPhase;
			buildActionMask = 2147483647;
			files = (
				C33FDCBB1EF2AE820086FE14 /* ViewController.swift in Sources */,
				C33FDCB91EF2AE820086FE14 /* AppDelegate.swift in Sources */,
			);
			runOnlyForDeploymentPostprocessing = 0;
		};
		C33FDCC51EF2AE820086FE14 /* Sources */ = {
			isa = PBXSourcesBuildPhase;
			buildActionMask = 2147483647;
			files = (
				C33FDCCE1EF2AE820086FE14 /* GalileoTests.swift in Sources */,
			);
			runOnlyForDeploymentPostprocessing = 0;
		};
		C33FDCD01EF2AE820086FE14 /* Sources */ = {
			isa = PBXSourcesBuildPhase;
			buildActionMask = 2147483647;
			files = (
				C33FDCD91EF2AE820086FE14 /* GalileoUITests.swift in Sources */,
			);
			runOnlyForDeploymentPostprocessing = 0;
		};
/* End PBXSourcesBuildPhase section */

/* Begin PBXTargetDependency section */
		C33FDCCB1EF2AE820086FE14 /* PBXTargetDependency */ = {
			isa = PBXTargetDependency;
			target = C33FDCB41EF2AE810086FE14 /* Galileo */;
			targetProxy = C33FDCCA1EF2AE820086FE14 /* PBXContainerItemProxy */;
		};
		C33FDCD61EF2AE820086FE14 /* PBXTargetDependency */ = {
			isa = PBXTargetDependency;
			target = C33FDCB41EF2AE810086FE14 /* Galileo */;
			targetProxy = C33FDCD51EF2AE820086FE14 /* PBXContainerItemProxy */;
		};
/* End PBXTargetDependency section */

/* Begin PBXVariantGroup section */
		C33FDCBC1EF2AE820086FE14 /* Main.storyboard */ = {
			isa = PBXVariantGroup;
			children = (
				C33FDCBD1EF2AE820086FE14 /* Base */,
			);
			name = Main.storyboard;
			sourceTree = "<group>";
		};
		C33FDCC11EF2AE820086FE14 /* LaunchScreen.storyboard */ = {
			isa = PBXVariantGroup;
			children = (
				C33FDCC21EF2AE820086FE14 /* Base */,
			);
			name = LaunchScreen.storyboard;
			sourceTree = "<group>";
		};
/* End PBXVariantGroup section */

/* Begin XCBuildConfiguration section */
		C33FDCDB1EF2AE820086FE14 /* Debug */ = {
			isa = XCBuildConfiguration;
			buildSettings = {
				ALWAYS_SEARCH_USER_PATHS = NO;
				CLANG_ANALYZER_NONNULL = YES;
				CLANG_ANALYZER_NUMBER_OBJECT_CONVERSION = YES_AGGRESSIVE;
				CLANG_CXX_LANGUAGE_STANDARD = "gnu++0x";
				CLANG_CXX_LIBRARY = "libc++";
				CLANG_ENABLE_MODULES = YES;
				CLANG_ENABLE_OBJC_ARC = YES;
				CLANG_WARN_BOOL_CONVERSION = YES;
				CLANG_WARN_CONSTANT_CONVERSION = YES;
				CLANG_WARN_DIRECT_OBJC_ISA_USAGE = YES_ERROR;
				CLANG_WARN_DOCUMENTATION_COMMENTS = YES;
				CLANG_WARN_EMPTY_BODY = YES;
				CLANG_WARN_ENUM_CONVERSION = YES;
				CLANG_WARN_INFINITE_RECURSION = YES;
				CLANG_WARN_INT_CONVERSION = YES;
				CLANG_WARN_OBJC_ROOT_CLASS = YES_ERROR;
				CLANG_WARN_SUSPICIOUS_MOVE = YES;
				CLANG_WARN_UNREACHABLE_CODE = YES;
				CLANG_WARN__DUPLICATE_METHOD_MATCH = YES;
				"CODE_SIGN_IDENTITY[sdk=iphoneos*]" = "iPhone Developer";
				COPY_PHASE_STRIP = NO;
				DEBUG_INFORMATION_FORMAT = dwarf;
				ENABLE_STRICT_OBJC_MSGSEND = YES;
				ENABLE_TESTABILITY = YES;
				GCC_C_LANGUAGE_STANDARD = gnu99;
				GCC_DYNAMIC_NO_PIC = NO;
				GCC_NO_COMMON_BLOCKS = YES;
				GCC_OPTIMIZATION_LEVEL = 0;
				GCC_PREPROCESSOR_DEFINITIONS = (
					"DEBUG=1",
					"$(inherited)",
				);
				GCC_WARN_64_TO_32_BIT_CONVERSION = YES;
				GCC_WARN_ABOUT_RETURN_TYPE = YES_ERROR;
				GCC_WARN_UNDECLARED_SELECTOR = YES;
				GCC_WARN_UNINITIALIZED_AUTOS = YES_AGGRESSIVE;
				GCC_WARN_UNUSED_FUNCTION = YES;
				GCC_WARN_UNUSED_VARIABLE = YES;
				IPHONEOS_DEPLOYMENT_TARGET = 10.3;
				MTL_ENABLE_DEBUG_INFO = YES;
				ONLY_ACTIVE_ARCH = YES;
				SDKROOT = iphoneos;
				SWIFT_ACTIVE_COMPILATION_CONDITIONS = DEBUG;
				SWIFT_OPTIMIZATION_LEVEL = "-Onone";
				TARGETED_DEVICE_FAMILY = "1,2";
			};
			name = Debug;
		};
		C33FDCDC1EF2AE820086FE14 /* Release */ = {
			isa = XCBuildConfiguration;
			buildSettings = {
				ALWAYS_SEARCH_USER_PATHS = NO;
				CLANG_ANALYZER_NONNULL = YES;
				CLANG_ANALYZER_NUMBER_OBJECT_CONVERSION = YES_AGGRESSIVE;
				CLANG_CXX_LANGUAGE_STANDARD = "gnu++0x";
				CLANG_CXX_LIBRARY = "libc++";
				CLANG_ENABLE_MODULES = YES;
				CLANG_ENABLE_OBJC_ARC = YES;
				CLANG_WARN_BOOL_CONVERSION = YES;
				CLANG_WARN_CONSTANT_CONVERSION = YES;
				CLANG_WARN_DIRECT_OBJC_ISA_USAGE = YES_ERROR;
				CLANG_WARN_DOCUMENTATION_COMMENTS = YES;
				CLANG_WARN_EMPTY_BODY = YES;
				CLANG_WARN_ENUM_CONVERSION = YES;
				CLANG_WARN_INFINITE_RECURSION = YES;
				CLANG_WARN_INT_CONVERSION = YES;
				CLANG_WARN_OBJC_ROOT_CLASS = YES_ERROR;
				CLANG_WARN_SUSPICIOUS_MOVE = YES;
				CLANG_WARN_UNREACHABLE_CODE = YES;
				CLANG_WARN__DUPLICATE_METHOD_MATCH = YES;
				"CODE_SIGN_IDENTITY[sdk=iphoneos*]" = "iPhone Developer";
				COPY_PHASE_STRIP = NO;
				DEBUG_INFORMATION_FORMAT = "dwarf-with-dsym";
				ENABLE_NS_ASSERTIONS = NO;
				ENABLE_STRICT_OBJC_MSGSEND = YES;
				GCC_C_LANGUAGE_STANDARD = gnu99;
				GCC_NO_COMMON_BLOCKS = YES;
				GCC_WARN_64_TO_32_BIT_CONVERSION = YES;
				GCC_WARN_ABOUT_RETURN_TYPE = YES_ERROR;
				GCC_WARN_UNDECLARED_SELECTOR = YES;
				GCC_WARN_UNINITIALIZED_AUTOS = YES_AGGRESSIVE;
				GCC_WARN_UNUSED_FUNCTION = YES;
				GCC_WARN_UNUSED_VARIABLE = YES;
				IPHONEOS_DEPLOYMENT_TARGET = 10.3;
				MTL_ENABLE_DEBUG_INFO = NO;
				SDKROOT = iphoneos;
				SWIFT_OPTIMIZATION_LEVEL = "-Owholemodule";
				TARGETED_DEVICE_FAMILY = "1,2";
				VALIDATE_PRODUCT = YES;
			};
			name = Release;
		};
		C33FDCDE1EF2AE820086FE14 /* Debug */ = {
			isa = XCBuildConfiguration;
			buildSettings = {
				ASSETCATALOG_COMPILER_APPICON_NAME = AppIcon;
				INFOPLIST_FILE = Galileo/Info.plist;
				LD_RUNPATH_SEARCH_PATHS = "$(inherited) @executable_path/Frameworks";
				PRODUCT_BUNDLE_IDENTIFIER = com.trustdev.Galileo;
				PRODUCT_NAME = "$(TARGET_NAME)";
				SWIFT_VERSION = 3.0;
			};
			name = Debug;
		};
		C33FDCDF1EF2AE820086FE14 /* Release */ = {
			isa = XCBuildConfiguration;
			buildSettings = {
				ASSETCATALOG_COMPILER_APPICON_NAME = AppIcon;
				INFOPLIST_FILE = Galileo/Info.plist;
				LD_RUNPATH_SEARCH_PATHS = "$(inherited) @executable_path/Frameworks";
				PRODUCT_BUNDLE_IDENTIFIER = com.trustdev.Galileo;
				PRODUCT_NAME = "$(TARGET_NAME)";
				SWIFT_VERSION = 3.0;
			};
			name = Release;
		};
		C33FDCE11EF2AE820086FE14 /* Debug */ = {
			isa = XCBuildConfiguration;
			buildSettings = {
				ALWAYS_EMBED_SWIFT_STANDARD_LIBRARIES = YES;
				BUNDLE_LOADER = "$(TEST_HOST)";
				INFOPLIST_FILE = GalileoTests/Info.plist;
				LD_RUNPATH_SEARCH_PATHS = "$(inherited) @executable_path/Frameworks @loader_path/Frameworks";
				PRODUCT_BUNDLE_IDENTIFIER = com.trustdev.GalileoTests;
				PRODUCT_NAME = "$(TARGET_NAME)";
				SWIFT_VERSION = 3.0;
				TEST_HOST = "$(BUILT_PRODUCTS_DIR)/Galileo.app/Galileo";
			};
			name = Debug;
		};
		C33FDCE21EF2AE820086FE14 /* Release */ = {
			isa = XCBuildConfiguration;
			buildSettings = {
				ALWAYS_EMBED_SWIFT_STANDARD_LIBRARIES = YES;
				BUNDLE_LOADER = "$(TEST_HOST)";
				INFOPLIST_FILE = GalileoTests/Info.plist;
				LD_RUNPATH_SEARCH_PATHS = "$(inherited) @executable_path/Frameworks @loader_path/Frameworks";
				PRODUCT_BUNDLE_IDENTIFIER = com.trustdev.GalileoTests;
				PRODUCT_NAME = "$(TARGET_NAME)";
				SWIFT_VERSION = 3.0;
				TEST_HOST = "$(BUILT_PRODUCTS_DIR)/Galileo.app/Galileo";
			};
			name = Release;
		};
		C33FDCE41EF2AE820086FE14 /* Debug */ = {
			isa = XCBuildConfiguration;
			buildSettings = {
				ALWAYS_EMBED_SWIFT_STANDARD_LIBRARIES = YES;
				INFOPLIST_FILE = GalileoUITests/Info.plist;
				LD_RUNPATH_SEARCH_PATHS = "$(inherited) @executable_path/Frameworks @loader_path/Frameworks";
				PRODUCT_BUNDLE_IDENTIFIER = com.trustdev.GalileoUITests;
				PRODUCT_NAME = "$(TARGET_NAME)";
				SWIFT_VERSION = 3.0;
				TEST_TARGET_NAME = Galileo;
			};
			name = Debug;
		};
		C33FDCE51EF2AE820086FE14 /* Release */ = {
			isa = XCBuildConfiguration;
			buildSettings = {
				ALWAYS_EMBED_SWIFT_STANDARD_LIBRARIES = YES;
				INFOPLIST_FILE = GalileoUITests/Info.plist;
				LD_RUNPATH_SEARCH_PATHS = "$(inherited) @executable_path/Frameworks @loader_path/Frameworks";
				PRODUCT_BUNDLE_IDENTIFIER = com.trustdev.GalileoUITests;
				PRODUCT_NAME = "$(TARGET_NAME)";
				SWIFT_VERSION = 3.0;
				TEST_TARGET_NAME = Galileo;
			};
			name = Release;
		};
/* End XCBuildConfiguration section */

/* Begin XCConfigurationList section */
		C33FDCB01EF2AE810086FE14 /* Build configuration list for PBXProject "Galileo" */ = {
			isa = XCConfigurationList;
			buildConfigurations = (
				C33FDCDB1EF2AE820086FE14 /* Debug */,
				C33FDCDC1EF2AE820086FE14 /* Release */,
			);
			defaultConfigurationIsVisible = 0;
			defaultConfigurationName = Release;
		};
		C33FDCDD1EF2AE820086FE14 /* Build configuration list for PBXNativeTarget "Galileo" */ = {
			isa = XCConfigurationList;
			buildConfigurations = (
				C33FDCDE1EF2AE820086FE14 /* Debug */,
				C33FDCDF1EF2AE820086FE14 /* Release */,
			);
			defaultConfigurationIsVisible = 0;
		};
		C33FDCE01EF2AE820086FE14 /* Build configuration list for PBXNativeTarget "GalileoTests" */ = {
			isa = XCConfigurationList;
			buildConfigurations = (
				C33FDCE11EF2AE820086FE14 /* Debug */,
				C33FDCE21EF2AE820086FE14 /* Release */,
			);
			defaultConfigurationIsVisible = 0;
		};
		C33FDCE31EF2AE820086FE14 /* Build configuration list for PBXNativeTarget "GalileoUITests" */ = {
			isa = XCConfigurationList;
			buildConfigurations = (
				C33FDCE41EF2AE820086FE14 /* Debug */,
				C33FDCE51EF2AE820086FE14 /* Release */,
			);
			defaultConfigurationIsVisible = 0;
		};
/* End XCConfigurationList section */
	};
	rootObject = C33FDCAD1EF2AE810086FE14 /* Project object */;
}
